
Microsoft Visual Studio Solution File, Format Version 12.00
# Visual Studio Version 17
VisualStudioVersion = 17.10.34916.146
MinimumVisualStudioVersion = 10.0.40219.1
Project("{9A19103F-16F7-4668-BE54-9A1E7A4F7556}") = "KSDLDotNetCore.ConsoleApp", "KSDLDotNetCore.ConsoleApp\KSDLDotNetCore.ConsoleApp.csproj", "{4831CD7C-6167-4840-992B-73DEFBEE86E6}"
EndProject
Project("{2150E333-8FDC-42A3-9474-1A3956D46DE8}") = "Documents", "Documents", "{FCEADD32-713B-45E6-8053-A37DA2BCF17A}"
	ProjectSection(SolutionItems) = preProject
		DotNetTrainingBatch4.sql = DotNetTrainingBatch4.sql
		README.md = README.md
	EndProjectSection
EndProject
Project("{9A19103F-16F7-4668-BE54-9A1E7A4F7556}") = "KSDLDotNetCore.RestApi", "KSDLDotNetCore.RestApi\KSDLDotNetCore.RestApi.csproj", "{0F7FB8DD-4E88-4563-A5A6-434BEEFE40E5}"
EndProject
Project("{FAE04EC0-301F-11D3-BF4B-00C04F79EFBC}") = "KSDLDotNetCore.Shared", "KSDLDotNetCore.Shared\KSDLDotNetCore.Shared.csproj", "{076EF91B-A97B-41F2-8313-82BC84D7AE84}"
EndProject
Global
	GlobalSection(SolutionConfigurationPlatforms) = preSolution
		Debug|Any CPU = Debug|Any CPU
		Release|Any CPU = Release|Any CPU
	EndGlobalSection
	GlobalSection(ProjectConfigurationPlatforms) = postSolution
		{4831CD7C-6167-4840-992B-73DEFBEE86E6}.Debug|Any CPU.ActiveCfg = Debug|Any CPU
		{4831CD7C-6167-4840-992B-73DEFBEE86E6}.Debug|Any CPU.Build.0 = Debug|Any CPU
		{4831CD7C-6167-4840-992B-73DEFBEE86E6}.Release|Any CPU.ActiveCfg = Release|Any CPU
		{4831CD7C-6167-4840-992B-73DEFBEE86E6}.Release|Any CPU.Build.0 = Release|Any CPU
		{0F7FB8DD-4E88-4563-A5A6-434BEEFE40E5}.Debug|Any CPU.ActiveCfg = Debug|Any CPU
		{0F7FB8DD-4E88-4563-A5A6-434BEEFE40E5}.Debug|Any CPU.Build.0 = Debug|Any CPU
		{0F7FB8DD-4E88-4563-A5A6-434BEEFE40E5}.Release|Any CPU.ActiveCfg = Release|Any CPU
		{0F7FB8DD-4E88-4563-A5A6-434BEEFE40E5}.Release|Any CPU.Build.0 = Release|Any CPU
		{076EF91B-A97B-41F2-8313-82BC84D7AE84}.Debug|Any CPU.ActiveCfg = Debug|Any CPU
		{076EF91B-A97B-41F2-8313-82BC84D7AE84}.Debug|Any CPU.Build.0 = Debug|Any CPU
		{076EF91B-A97B-41F2-8313-82BC84D7AE84}.Release|Any CPU.ActiveCfg = Release|Any CPU
		{076EF91B-A97B-41F2-8313-82BC84D7AE84}.Release|Any CPU.Build.0 = Release|Any CPU
	EndGlobalSection
	GlobalSection(SolutionProperties) = preSolution
		HideSolutionNode = FALSE
	EndGlobalSection
	GlobalSection(ExtensibilityGlobals) = postSolution
		SolutionGuid = {4FB22165-7125-4B4F-9B5F-1C2D48DE0105}
	EndGlobalSection
EndGlobal
